
Microsoft Visual Studio Solution File, Format Version 12.00
# Visual Studio Version 18
VisualStudioVersion = 18.0.11012.119 d18.0
MinimumVisualStudioVersion = 10.0.40219.1
Project("{9A19103F-16F7-4668-BE54-9A1E7A4F7556}") = "LuvFinder_Blazor_WASM", "LuvFinder_Blazor_WASM.csproj", "{4567AC82-6BA5-4E40-A6D7-7595A7CC1108}"
EndProject
Project("{FAE04EC0-301F-11D3-BF4B-00C04F79EFBC}") = "LuvFinder_API", "..\Blazor_LuvFinder_API\LuvFinder_API.csproj", "{B358341C-12FB-057B-FE1F-B7304E9F5AC9}"
EndProject
Project("{FAE04EC0-301F-11D3-BF4B-00C04F79EFBC}") = "LuvFinder_ViewModels", "..\Blazor_LuvFinder_ViewModels\LuvFinder_ViewModels.csproj", "{4944A676-5FC1-47DD-DE0A-FA71AE09CADB}"
EndProject
Global
	GlobalSection(SolutionConfigurationPlatforms) = preSolution
		Debug|Any CPU = Debug|Any CPU
		Release|Any CPU = Release|Any CPU
	EndGlobalSection
	GlobalSection(ProjectConfigurationPlatforms) = postSolution
		{4567AC82-6BA5-4E40-A6D7-7595A7CC1108}.Debug|Any CPU.ActiveCfg = Debug|Any CPU
		{4567AC82-6BA5-4E40-A6D7-7595A7CC1108}.Debug|Any CPU.Build.0 = Debug|Any CPU
		{4567AC82-6BA5-4E40-A6D7-7595A7CC1108}.Release|Any CPU.ActiveCfg = Release|Any CPU
		{4567AC82-6BA5-4E40-A6D7-7595A7CC1108}.Release|Any CPU.Build.0 = Release|Any CPU
		{B358341C-12FB-057B-FE1F-B7304E9F5AC9}.Debug|Any CPU.ActiveCfg = Debug|Any CPU
		{B358341C-12FB-057B-FE1F-B7304E9F5AC9}.Debug|Any CPU.Build.0 = Debug|Any CPU
		{B358341C-12FB-057B-FE1F-B7304E9F5AC9}.Release|Any CPU.ActiveCfg = Release|Any CPU
		{B358341C-12FB-057B-FE1F-B7304E9F5AC9}.Release|Any CPU.Build.0 = Release|Any CPU
		{4944A676-5FC1-47DD-DE0A-FA71AE09CADB}.Debug|Any CPU.ActiveCfg = Debug|Any CPU
		{4944A676-5FC1-47DD-DE0A-FA71AE09CADB}.Debug|Any CPU.Build.0 = Debug|Any CPU
		{4944A676-5FC1-47DD-DE0A-FA71AE09CADB}.Release|Any CPU.ActiveCfg = Release|Any CPU
		{4944A676-5FC1-47DD-DE0A-FA71AE09CADB}.Release|Any CPU.Build.0 = Release|Any CPU
	EndGlobalSection
	GlobalSection(SolutionProperties) = preSolution
		HideSolutionNode = FALSE
	EndGlobalSection
	GlobalSection(ExtensibilityGlobals) = postSolution
		SolutionGuid = {DE7D4EC4-8768-479D-B914-A7295F02FC71}
	EndGlobalSection
EndGlobal
